{
  "name": "430_finalproj",
  "lockfileVersion": 2,
  "requires": true,
  "packages": {
    "": {
      "dependencies": {
        "fetch": "^1.1.0",
        "node-fetch": "^3.2.3",
        "wabt": "^1.0.28",
        "wat-wasm": "^1.0.43"
      }
    },
    "node_modules/ansi-styles": {
      "version": "4.3.0",
      "resolved": "https://registry.npmjs.org/ansi-styles/-/ansi-styles-4.3.0.tgz",
      "integrity": "sha512-zbB9rCJAT1rbjiVDb2hqKFHNYLxgtk8NURxZ3IZwD3F6NtxbXZQCnnSi1Lkx+IDohdPlFp222wVALIheZJQSEg==",
      "dependencies": {
        "color-convert": "^2.0.1"
      },
      "engines": {
        "node": ">=8"
      },
      "funding": {
        "url": "https://github.com/chalk/ansi-styles?sponsor=1"
      }
    },
    "node_modules/binaryen": {
      "version": "98.0.0",
      "resolved": "https://registry.npmjs.org/binaryen/-/binaryen-98.0.0.tgz",
      "integrity": "sha512-8wIRIp+uBCL1XpJA9F+zL9TyEsPOIEIaru2KqEPls+nBHx/y64L1isybaOQ+myzn6QgNpSEYMaSH10gaK4ddJg==",
      "bin": {
        "wasm-opt": "bin/wasm-opt"
      }
    },
    "node_modules/biskviit": {
      "version": "1.0.1",
      "resolved": "https://registry.npmjs.org/biskviit/-/biskviit-1.0.1.tgz",
      "integrity": "sha1-A3oM1LcbnjMf2QoRIt4X3EnkIKc=",
      "dependencies": {
        "psl": "^1.1.7"
      },
      "engines": {
        "node": ">=1.0.0"
      }
    },
    "node_modules/chalk": {
      "version": "3.0.0",
      "resolved": "https://registry.npmjs.org/chalk/-/chalk-3.0.0.tgz",
      "integrity": "sha512-4D3B6Wf41KOYRFdszmDqMCGq5VV/uMAB273JILmO+3jAlh8X4qDtdtgCR3fxtbLEMzSx22QdhnDcJvu2u1fVwg==",
      "dependencies": {
        "ansi-styles": "^4.1.0",
        "supports-color": "^7.1.0"
      },
      "engines": {
        "node": ">=8"
      }
    },
    "node_modules/color-convert": {
      "version": "2.0.1",
      "resolved": "https://registry.npmjs.org/color-convert/-/color-convert-2.0.1.tgz",
      "integrity": "sha512-RRECPsj7iu/xb5oKYcsFHSppFNnsj/52OVTRKb4zP5onXwVF3zVmmToNcOfGC+CRDpfK/U584fMg38ZHCaElKQ==",
      "dependencies": {
        "color-name": "~1.1.4"
      },
      "engines": {
        "node": ">=7.0.0"
      }
    },
    "node_modules/color-name": {
      "version": "1.1.4",
      "resolved": "https://registry.npmjs.org/color-name/-/color-name-1.1.4.tgz",
      "integrity": "sha512-dOy+3AuW3a2wNbZHIuMZpTcgjGuLU/uBL/ubcZF9OXbDo8ff4O8yVp5Bf0efS8uEoYo5q4Fx7dY9OgQGXgAsQA=="
    },
    "node_modules/data-uri-to-buffer": {
      "version": "4.0.0",
      "resolved": "https://registry.npmjs.org/data-uri-to-buffer/-/data-uri-to-buffer-4.0.0.tgz",
      "integrity": "sha512-Vr3mLBA8qWmcuschSLAOogKgQ/Jwxulv3RNE4FXnYWRGujzrRWQI4m12fQqRkwX06C0KanhLr4hK+GydchZsaA==",
      "engines": {
        "node": ">= 12"
      }
    },
    "node_modules/encoding": {
      "version": "0.1.12",
      "resolved": "https://registry.npmjs.org/encoding/-/encoding-0.1.12.tgz",
      "integrity": "sha1-U4tm8+5izRq1HsMjgp0flIDHS+s=",
      "dependencies": {
        "iconv-lite": "~0.4.13"
      }
    },
    "node_modules/fetch": {
      "version": "1.1.0",
      "resolved": "https://registry.npmjs.org/fetch/-/fetch-1.1.0.tgz",
      "integrity": "sha1-CoJ58Gvjf58Ou1Z1YKMKSA2lmi4=",
      "dependencies": {
        "biskviit": "1.0.1",
        "encoding": "0.1.12"
      }
    },
    "node_modules/fetch-blob": {
      "version": "3.1.5",
      "resolved": "https://registry.npmjs.org/fetch-blob/-/fetch-blob-3.1.5.tgz",
      "integrity": "sha512-N64ZpKqoLejlrwkIAnb9iLSA3Vx/kjgzpcDhygcqJ2KKjky8nCgUQ+dzXtbrLaWZGZNmNfQTsiQ0weZ1svglHg==",
      "funding": [
        {
          "type": "github",
          "url": "https://github.com/sponsors/jimmywarting"
        },
        {
          "type": "paypal",
          "url": "https://paypal.me/jimmywarting"
        }
      ],
      "dependencies": {
        "node-domexception": "^1.0.0",
        "web-streams-polyfill": "^3.0.3"
      },
      "engines": {
        "node": "^12.20 || >= 14.13"
      }
    },
    "node_modules/formdata-polyfill": {
      "version": "4.0.10",
      "resolved": "https://registry.npmjs.org/formdata-polyfill/-/formdata-polyfill-4.0.10.tgz",
      "integrity": "sha512-buewHzMvYL29jdeQTVILecSaZKnt/RJWjoZCF5OW60Z67/GmSLBkOFM7qh1PI3zFNtJbaZL5eQu1vLfazOwj4g==",
      "dependencies": {
        "fetch-blob": "^3.1.2"
      },
      "engines": {
        "node": ">=12.20.0"
      }
    },
    "node_modules/has-flag": {
      "version": "4.0.0",
      "resolved": "https://registry.npmjs.org/has-flag/-/has-flag-4.0.0.tgz",
      "integrity": "sha512-EykJT/Q1KjTWctppgIAgfSO0tKVuZUjhgMr17kqTumMl6Afv3EISleU7qZUzoXDFTAHTDC4NOoG/ZxU3EvlMPQ==",
      "engines": {
        "node": ">=8"
      }
    },
    "node_modules/iconv-lite": {
      "version": "0.4.24",
      "resolved": "https://registry.npmjs.org/iconv-lite/-/iconv-lite-0.4.24.tgz",
      "integrity": "sha512-v3MXnZAcvnywkTUEZomIActle7RXXeedOR31wwl7VlyoXO4Qi9arvSenNQWne1TcRwhCL1HwLI21bEqdpj8/rA==",
      "dependencies": {
        "safer-buffer": ">= 2.1.2 < 3"
      },
      "engines": {
        "node": ">=0.10.0"
      }
    },
    "node_modules/node-domexception": {
      "version": "1.0.0",
      "resolved": "https://registry.npmjs.org/node-domexception/-/node-domexception-1.0.0.tgz",
      "integrity": "sha512-/jKZoMpw0F8GRwl4/eLROPA3cfcXtLApP0QzLmUT/HuPCZWyB7IY9ZrMeKw2O/nFIqPQB3PVM9aYm0F312AXDQ==",
      "funding": [
        {
          "type": "github",
          "url": "https://github.com/sponsors/jimmywarting"
        },
        {
          "type": "github",
          "url": "https://paypal.me/jimmywarting"
        }
      ],
      "engines": {
        "node": ">=10.5.0"
      }
    },
    "node_modules/node-fetch": {
      "version": "3.2.3",
      "resolved": "https://registry.npmjs.org/node-fetch/-/node-fetch-3.2.3.tgz",
      "integrity": "sha512-AXP18u4pidSZ1xYXRDPY/8jdv3RAozIt/WLNR/MBGZAz+xjtlr90RvCnsvHQRiXyWliZF/CpytExp32UU67/SA==",
      "dependencies": {
        "data-uri-to-buffer": "^4.0.0",
        "fetch-blob": "^3.1.4",
        "formdata-polyfill": "^4.0.10"
      },
      "engines": {
        "node": "^12.20.0 || ^14.13.1 || >=16.0.0"
      },
      "funding": {
        "type": "opencollective",
        "url": "https://opencollective.com/node-fetch"
      }
    },
    "node_modules/psl": {
      "version": "1.8.0",
      "resolved": "https://registry.npmjs.org/psl/-/psl-1.8.0.tgz",
      "integrity": "sha512-RIdOzyoavK+hA18OGGWDqUTsCLhtA7IcZ/6NCs4fFJaHBDab+pDDmDIByWFRQJq2Cd7r1OoQxBGKOaztq+hjIQ=="
    },
    "node_modules/safer-buffer": {
      "version": "2.1.2",
      "resolved": "https://registry.npmjs.org/safer-buffer/-/safer-buffer-2.1.2.tgz",
      "integrity": "sha512-YZo3K82SD7Riyi0E1EQPojLz7kpepnSQI9IyPbHHg1XXXevb5dJI7tpyN2ADxGcQbHG7vcyRHk0cbwqcQriUtg=="
    },
    "node_modules/supports-color": {
      "version": "7.2.0",
      "resolved": "https://registry.npmjs.org/supports-color/-/supports-color-7.2.0.tgz",
      "integrity": "sha512-qpCAvRl9stuOHveKsn7HncJRvv501qIacKzQlO/+Lwxc9+0q2wLyv4Dfvt80/DPn2pqOBsJdDiogXGR9+OvwRw==",
      "dependencies": {
        "has-flag": "^4.0.0"
      },
      "engines": {
        "node": ">=8"
      }
    },
    "node_modules/wabt": {
      "version": "1.0.28",
      "resolved": "https://registry.npmjs.org/wabt/-/wabt-1.0.28.tgz",
      "integrity": "sha512-icNMMmryZ8EKqB4POXnQW1xmq8xq21Ne9az26mcuRKn8WlPSNbRvA1t5fHt/6n8QVwv/oJ58zjBsqZn9Te1EaQ==",
      "bin": {
        "wasm-decompile": "bin/wasm-decompile",
        "wasm-interp": "bin/wasm-interp",
        "wasm-objdump": "bin/wasm-objdump",
        "wasm-opcodecnt": "bin/wasm-opcodecnt",
        "wasm-strip": "bin/wasm-strip",
        "wasm-validate": "bin/wasm-validate",
        "wasm2c": "bin/wasm2c",
        "wasm2wat": "bin/wasm2wat",
        "wat2wasm": "bin/wat2wasm"
      }
    },
    "node_modules/wat-wasm": {
      "version": "1.0.43",
      "resolved": "https://registry.npmjs.org/wat-wasm/-/wat-wasm-1.0.43.tgz",
      "integrity": "sha512-HlBkMdiWarWgF+skiPk4EX7akrb4O+YodVmVp6XzaWV/JQ6kN84cnkkqtm9UqCLOZ/37kYwG6XdYzmLTyfsVVg==",
      "dependencies": {
        "binaryen": "98.0.0",
        "chalk": "3.0.0",
        "wabt": "1.0.23"
      },
      "bin": {
        "wasm-opt": "bin/wasm-opt",
        "wasm2wat": "bin/wasm2wat",
        "wat-wasm": "bin/wat-wasm",
        "wat2wasm": "bin/wat2wasm",
        "watwasm": "bin/wat-wasm"
      }
    },
    "node_modules/wat-wasm/node_modules/wabt": {
      "version": "1.0.23",
      "resolved": "https://registry.npmjs.org/wabt/-/wabt-1.0.23.tgz",
      "integrity": "sha512-gN1CPmpqDenmNhUmybOCa2ZsE87oTnSZ/eLfNuNsS6753O3EGdB9pNb9ETH5GHHJZeAlxVgzH3MztMCEBiLj/w==",
      "bin": {
        "wasm-decompile": "bin/wasm-decompile",
        "wasm-interp": "bin/wasm-interp",
        "wasm-objdump": "bin/wasm-objdump",
        "wasm-opcodecnt": "bin/wasm-opcodecnt",
        "wasm-strip": "bin/wasm-strip",
        "wasm-validate": "bin/wasm-validate",
        "wasm2c": "bin/wasm2c",
        "wasm2wat": "bin/wasm2wat",
        "wat2wasm": "bin/wat2wasm"
      }
    },
    "node_modules/web-streams-polyfill": {
      "version": "3.2.1",
      "resolved": "https://registry.npmjs.org/web-streams-polyfill/-/web-streams-polyfill-3.2.1.tgz",
      "integrity": "sha512-e0MO3wdXWKrLbL0DgGnUV7WHVuw9OUvL4hjgnPkIeEvESk74gAITi5G606JtZPp39cd8HA9VQzCIvA49LpPN5Q==",
      "engines": {
        "node": ">= 8"
      }
    }
  },
  "dependencies": {
    "ansi-styles": {
      "version": "4.3.0",
      "resolved": "https://registry.npmjs.org/ansi-styles/-/ansi-styles-4.3.0.tgz",
      "integrity": "sha512-zbB9rCJAT1rbjiVDb2hqKFHNYLxgtk8NURxZ3IZwD3F6NtxbXZQCnnSi1Lkx+IDohdPlFp222wVALIheZJQSEg==",
      "requires": {
        "color-convert": "^2.0.1"
      }
    },
    "binaryen": {
      "version": "98.0.0",
      "resolved": "https://registry.npmjs.org/binaryen/-/binaryen-98.0.0.tgz",
      "integrity": "sha512-8wIRIp+uBCL1XpJA9F+zL9TyEsPOIEIaru2KqEPls+nBHx/y64L1isybaOQ+myzn6QgNpSEYMaSH10gaK4ddJg=="
    },
    "biskviit": {
      "version": "1.0.1",
      "resolved": "https://registry.npmjs.org/biskviit/-/biskviit-1.0.1.tgz",
      "integrity": "sha1-A3oM1LcbnjMf2QoRIt4X3EnkIKc=",
      "requires": {
        "psl": "^1.1.7"
      }
    },
    "chalk": {
      "version": "3.0.0",
      "resolved": "https://registry.npmjs.org/chalk/-/chalk-3.0.0.tgz",
      "integrity": "sha512-4D3B6Wf41KOYRFdszmDqMCGq5VV/uMAB273JILmO+3jAlh8X4qDtdtgCR3fxtbLEMzSx22QdhnDcJvu2u1fVwg==",
      "requires": {
        "ansi-styles": "^4.1.0",
        "supports-color": "^7.1.0"
      }
    },
    "color-convert": {
      "version": "2.0.1",
      "resolved": "https://registry.npmjs.org/color-convert/-/color-convert-2.0.1.tgz",
      "integrity": "sha512-RRECPsj7iu/xb5oKYcsFHSppFNnsj/52OVTRKb4zP5onXwVF3zVmmToNcOfGC+CRDpfK/U584fMg38ZHCaElKQ==",
      "requires": {
        "color-name": "~1.1.4"
      }
    },
    "color-name": {
      "version": "1.1.4",
      "resolved": "https://registry.npmjs.org/color-name/-/color-name-1.1.4.tgz",
      "integrity": "sha512-dOy+3AuW3a2wNbZHIuMZpTcgjGuLU/uBL/ubcZF9OXbDo8ff4O8yVp5Bf0efS8uEoYo5q4Fx7dY9OgQGXgAsQA=="
    },
    "data-uri-to-buffer": {
      "version": "4.0.0",
      "resolved": "https://registry.npmjs.org/data-uri-to-buffer/-/data-uri-to-buffer-4.0.0.tgz",
      "integrity": "sha512-Vr3mLBA8qWmcuschSLAOogKgQ/Jwxulv3RNE4FXnYWRGujzrRWQI4m12fQqRkwX06C0KanhLr4hK+GydchZsaA=="
    },
    "encoding": {
      "version": "0.1.12",
      "resolved": "https://registry.npmjs.org/encoding/-/encoding-0.1.12.tgz",
      "integrity": "sha1-U4tm8+5izRq1HsMjgp0flIDHS+s=",
      "requires": {
        "iconv-lite": "~0.4.13"
      }
    },
    "fetch": {
      "version": "1.1.0",
      "resolved": "https://registry.npmjs.org/fetch/-/fetch-1.1.0.tgz",
      "integrity": "sha1-CoJ58Gvjf58Ou1Z1YKMKSA2lmi4=",
      "requires": {
        "biskviit": "1.0.1",
        "encoding": "0.1.12"
      }
    },
    "fetch-blob": {
      "version": "3.1.5",
      "resolved": "https://registry.npmjs.org/fetch-blob/-/fetch-blob-3.1.5.tgz",
      "integrity": "sha512-N64ZpKqoLejlrwkIAnb9iLSA3Vx/kjgzpcDhygcqJ2KKjky8nCgUQ+dzXtbrLaWZGZNmNfQTsiQ0weZ1svglHg==",
      "requires": {
        "node-domexception": "^1.0.0",
        "web-streams-polyfill": "^3.0.3"
      }
    },
    "formdata-polyfill": {
      "version": "4.0.10",
      "resolved": "https://registry.npmjs.org/formdata-polyfill/-/formdata-polyfill-4.0.10.tgz",
      "integrity": "sha512-buewHzMvYL29jdeQTVILecSaZKnt/RJWjoZCF5OW60Z67/GmSLBkOFM7qh1PI3zFNtJbaZL5eQu1vLfazOwj4g==",
      "requires": {
        "fetch-blob": "^3.1.2"
      }
    },
    "has-flag": {
      "version": "4.0.0",
      "resolved": "https://registry.npmjs.org/has-flag/-/has-flag-4.0.0.tgz",
      "integrity": "sha512-EykJT/Q1KjTWctppgIAgfSO0tKVuZUjhgMr17kqTumMl6Afv3EISleU7qZUzoXDFTAHTDC4NOoG/ZxU3EvlMPQ=="
    },
    "iconv-lite": {
      "version": "0.4.24",
      "resolved": "https://registry.npmjs.org/iconv-lite/-/iconv-lite-0.4.24.tgz",
      "integrity": "sha512-v3MXnZAcvnywkTUEZomIActle7RXXeedOR31wwl7VlyoXO4Qi9arvSenNQWne1TcRwhCL1HwLI21bEqdpj8/rA==",
      "requires": {
        "safer-buffer": ">= 2.1.2 < 3"
      }
    },
    "node-domexception": {
      "version": "1.0.0",
      "resolved": "https://registry.npmjs.org/node-domexception/-/node-domexception-1.0.0.tgz",
      "integrity": "sha512-/jKZoMpw0F8GRwl4/eLROPA3cfcXtLApP0QzLmUT/HuPCZWyB7IY9ZrMeKw2O/nFIqPQB3PVM9aYm0F312AXDQ=="
    },
    "node-fetch": {
      "version": "3.2.3",
      "resolved": "https://registry.npmjs.org/node-fetch/-/node-fetch-3.2.3.tgz",
      "integrity": "sha512-AXP18u4pidSZ1xYXRDPY/8jdv3RAozIt/WLNR/MBGZAz+xjtlr90RvCnsvHQRiXyWliZF/CpytExp32UU67/SA==",
      "requires": {
        "data-uri-to-buffer": "^4.0.0",
        "fetch-blob": "^3.1.4",
        "formdata-polyfill": "^4.0.10"
      }
    },
    "psl": {
      "version": "1.8.0",
      "resolved": "https://registry.npmjs.org/psl/-/psl-1.8.0.tgz",
      "integrity": "sha512-RIdOzyoavK+hA18OGGWDqUTsCLhtA7IcZ/6NCs4fFJaHBDab+pDDmDIByWFRQJq2Cd7r1OoQxBGKOaztq+hjIQ=="
    },
    "safer-buffer": {
      "version": "2.1.2",
      "resolved": "https://registry.npmjs.org/safer-buffer/-/safer-buffer-2.1.2.tgz",
      "integrity": "sha512-YZo3K82SD7Riyi0E1EQPojLz7kpepnSQI9IyPbHHg1XXXevb5dJI7tpyN2ADxGcQbHG7vcyRHk0cbwqcQriUtg=="
    },
    "supports-color": {
      "version": "7.2.0",
      "resolved": "https://registry.npmjs.org/supports-color/-/supports-color-7.2.0.tgz",
      "integrity": "sha512-qpCAvRl9stuOHveKsn7HncJRvv501qIacKzQlO/+Lwxc9+0q2wLyv4Dfvt80/DPn2pqOBsJdDiogXGR9+OvwRw==",
      "requires": {
        "has-flag": "^4.0.0"
      }
    },
    "wabt": {
      "version": "1.0.28",
      "resolved": "https://registry.npmjs.org/wabt/-/wabt-1.0.28.tgz",
      "integrity": "sha512-icNMMmryZ8EKqB4POXnQW1xmq8xq21Ne9az26mcuRKn8WlPSNbRvA1t5fHt/6n8QVwv/oJ58zjBsqZn9Te1EaQ=="
    },
    "wat-wasm": {
      "version": "1.0.43",
      "resolved": "https://registry.npmjs.org/wat-wasm/-/wat-wasm-1.0.43.tgz",
      "integrity": "sha512-HlBkMdiWarWgF+skiPk4EX7akrb4O+YodVmVp6XzaWV/JQ6kN84cnkkqtm9UqCLOZ/37kYwG6XdYzmLTyfsVVg==",
      "requires": {
        "binaryen": "98.0.0",
        "chalk": "3.0.0",
        "wabt": "1.0.23"
      },
      "dependencies": {
        "wabt": {
          "version": "1.0.23",
          "resolved": "https://registry.npmjs.org/wabt/-/wabt-1.0.23.tgz",
          "integrity": "sha512-gN1CPmpqDenmNhUmybOCa2ZsE87oTnSZ/eLfNuNsS6753O3EGdB9pNb9ETH5GHHJZeAlxVgzH3MztMCEBiLj/w=="
        }
      }
    },
    "web-streams-polyfill": {
      "version": "3.2.1",
      "resolved": "https://registry.npmjs.org/web-streams-polyfill/-/web-streams-polyfill-3.2.1.tgz",
      "integrity": "sha512-e0MO3wdXWKrLbL0DgGnUV7WHVuw9OUvL4hjgnPkIeEvESk74gAITi5G606JtZPp39cd8HA9VQzCIvA49LpPN5Q=="
    }
  }
}
